
Microsoft Visual Studio Solution File, Format Version 12.00
# Visual Studio Version 17
VisualStudioVersion = 17.0.31903.59
MinimumVisualStudioVersion = 10.0.40219.1
Project("{FAE04EC0-301F-11D3-BF4B-00C04F79EFBC}") = "FinanceApp.Core", "FinanceApp.Core\FinanceApp.Core.csproj", "{C2A9876B-C729-46F2-B4A7-54249E79E5B4}"
EndProject
Project("{FAE04EC0-301F-11D3-BF4B-00C04F79EFBC}") = "FinanceApp.Infrastructure", "FinanceApp.Infrastructure\FinanceApp.Infrastructure.csproj", "{D44DD199-5771-4442-ABF1-34D4FA9F1482}"
EndProject
Project("{FAE04EC0-301F-11D3-BF4B-00C04F79EFBC}") = "FinanceApp.Presentation", "FinanceApp.Presentation\FinanceApp.Presentation.csproj", "{DF91F0B1-EB74-413B-A402-A4AF8E5001BB}"
EndProject
Global
	GlobalSection(SolutionConfigurationPlatforms) = preSolution
		Debug|Any CPU = Debug|Any CPU
		Release|Any CPU = Release|Any CPU
	EndGlobalSection
	GlobalSection(SolutionProperties) = preSolution
		HideSolutionNode = FALSE
	EndGlobalSection
	GlobalSection(ProjectConfigurationPlatforms) = postSolution
		{C2A9876B-C729-46F2-B4A7-54249E79E5B4}.Debug|Any CPU.ActiveCfg = Debug|Any CPU
		{C2A9876B-C729-46F2-B4A7-54249E79E5B4}.Debug|Any CPU.Build.0 = Debug|Any CPU
		{C2A9876B-C729-46F2-B4A7-54249E79E5B4}.Release|Any CPU.ActiveCfg = Release|Any CPU
		{C2A9876B-C729-46F2-B4A7-54249E79E5B4}.Release|Any CPU.Build.0 = Release|Any CPU
		{D44DD199-5771-4442-ABF1-34D4FA9F1482}.Debug|Any CPU.ActiveCfg = Debug|Any CPU
		{D44DD199-5771-4442-ABF1-34D4FA9F1482}.Debug|Any CPU.Build.0 = Debug|Any CPU
		{D44DD199-5771-4442-ABF1-34D4FA9F1482}.Release|Any CPU.ActiveCfg = Release|Any CPU
		{D44DD199-5771-4442-ABF1-34D4FA9F1482}.Release|Any CPU.Build.0 = Release|Any CPU
		{DF91F0B1-EB74-413B-A402-A4AF8E5001BB}.Debug|Any CPU.ActiveCfg = Debug|Any CPU
		{DF91F0B1-EB74-413B-A402-A4AF8E5001BB}.Debug|Any CPU.Build.0 = Debug|Any CPU
		{DF91F0B1-EB74-413B-A402-A4AF8E5001BB}.Release|Any CPU.ActiveCfg = Release|Any CPU
		{DF91F0B1-EB74-413B-A402-A4AF8E5001BB}.Release|Any CPU.Build.0 = Release|Any CPU
	EndGlobalSection
EndGlobal
